
Microsoft Visual Studio Solution File, Format Version 12.00
# Visual Studio Version 17
VisualStudioVersion = 17.5.33516.290
MinimumVisualStudioVersion = 10.0.40219.1
Project("{9A19103F-16F7-4668-BE54-9A1E7A4F7556}") = "CentreBookingUI", "CentreBookingUI\CentreBookingUI.csproj", "{8F7BAED8-BD42-46AA-B49A-4BEDC291167D}"
EndProject
Project("{9A19103F-16F7-4668-BE54-9A1E7A4F7556}") = "CentreBookingDatabase", "CentreBookingDatabase\CentreBookingDatabase.csproj", "{06ACA2E4-53F5-4D38-89BA-4031D2548974}"
EndProject
Project("{9A19103F-16F7-4668-BE54-9A1E7A4F7556}") = "CentreBookingApplication", "CentreBookingApplication\CentreBookingApplication.csproj", "{D03AAA1C-086D-45D7-AA7B-06D28194CCCF}"
EndProject
Global
	GlobalSection(SolutionConfigurationPlatforms) = preSolution
		Debug|Any CPU = Debug|Any CPU
		Release|Any CPU = Release|Any CPU
	EndGlobalSection
	GlobalSection(ProjectConfigurationPlatforms) = postSolution
		{8F7BAED8-BD42-46AA-B49A-4BEDC291167D}.Debug|Any CPU.ActiveCfg = Debug|Any CPU
		{8F7BAED8-BD42-46AA-B49A-4BEDC291167D}.Debug|Any CPU.Build.0 = Debug|Any CPU
		{8F7BAED8-BD42-46AA-B49A-4BEDC291167D}.Release|Any CPU.ActiveCfg = Release|Any CPU
		{8F7BAED8-BD42-46AA-B49A-4BEDC291167D}.Release|Any CPU.Build.0 = Release|Any CPU
		{06ACA2E4-53F5-4D38-89BA-4031D2548974}.Debug|Any CPU.ActiveCfg = Debug|Any CPU
		{06ACA2E4-53F5-4D38-89BA-4031D2548974}.Debug|Any CPU.Build.0 = Debug|Any CPU
		{06ACA2E4-53F5-4D38-89BA-4031D2548974}.Release|Any CPU.ActiveCfg = Release|Any CPU
		{06ACA2E4-53F5-4D38-89BA-4031D2548974}.Release|Any CPU.Build.0 = Release|Any CPU
		{D03AAA1C-086D-45D7-AA7B-06D28194CCCF}.Debug|Any CPU.ActiveCfg = Debug|Any CPU
		{D03AAA1C-086D-45D7-AA7B-06D28194CCCF}.Debug|Any CPU.Build.0 = Debug|Any CPU
		{D03AAA1C-086D-45D7-AA7B-06D28194CCCF}.Release|Any CPU.ActiveCfg = Release|Any CPU
		{D03AAA1C-086D-45D7-AA7B-06D28194CCCF}.Release|Any CPU.Build.0 = Release|Any CPU
	EndGlobalSection
	GlobalSection(SolutionProperties) = preSolution
		HideSolutionNode = FALSE
	EndGlobalSection
	GlobalSection(ExtensibilityGlobals) = postSolution
		SolutionGuid = {57BE5308-3A77-4F05-AE97-6C1EC522B273}
	EndGlobalSection
EndGlobal
